github.com/colinrgodsey/cartesius v0.0.0-20200731135120-e2f5a42fe5f7 h1:5cTGQg7Js51e86RyDNxI+xzBcj0CzQ8jNHe8JH196XE=
github.com/colinrgodsey/cartesius v0.0.0-20200731135120-e2f5a42fe5f7/go.mod h1:WVfzg7HmR1uHQHUYAqcbKZtQAcUwV2ulc81SujKYMhc=
github.com/colinrgodsey/cartesius v0.0.0-20200817165659-3c542277edbf h1:jJ8/eX0OpOwD6Npb+sbpw2tNKMD8jtL2vR49k/19AzY=
github.com/colinrgodsey/cartesius v0.0.0-20200817165659-3c542277edbf/go.mod h1:O3yIaOgdZsBupvW2O8sd2Xu6xHRXUJcCNwICFh2/SPg=
github.com/colinrgodsey/cartesius v0.0.0-20200819170139-c1bfabf67c4f h1:GQiCo2xNyOhoYR0xbqtYKyLsCSAOHBm2tBeNI5/UpeQ=
github.com/colinrgodsey/cartesius v0.0.0-20200819170139-c1bfabf67c4f/go.mod h1:O3yIaOgdZsBupvW2O8sd2Xu6xHRXUJcCNwICFh2/SPg=
github.com/colinrgodsey/cartesius v0.0.0-20200819170559-7d9ed72dcaa2 h1:nGjY+XuQ2tKTCA0jJamDdLKbfK59hEpR6uE97vg80xA=
github.com/colinrgodsey/cartesius v0.0.0-20200819170559-7d9ed72dcaa2/go.mod h1:O3yIaOgdZsBupvW2O8sd2Xu6xHRXUJcCNwICFh2/SPg=
github.com/colinrgodsey/cartesius v0.0.0-20200819175953-123a48240e34 h1:g/P6lT7wQdbMLRDVmtM/LktGqh2pazjDW8FiDvEi86E=
github.com/colinrgodsey/cartesius v0.0.0-20200819175953-123a48240e34/go.mod h1:O3yIaOgdZsBupvW2O8sd2Xu6xHRXUJcCNwICFh2/SPg=
github.com/colinrgodsey/serial v0.0.0-20200720155734-acf578228fea h1:ZUiBmoT1t3vwJ583oIzmcH6rIPlwS28rkMzZ66RowUM=
github.com/colinrgodsey/serial v0.0.0-20200720155734-acf578228fea/go.mod h1:s6CTMHx/NV6uFgGR6LhBb6Ex71S3Z5KH2baxm4KLzn8=
github.com/colinrgodsey/serial v0.0.0-20200722225730-18c8804efaad h1:I6F1EFzblqNzhUFmQakBFSNgC99DvMdqPKx7KfJmyz0=
github.com/colinrgodsey/serial v0.0.0-20200722225730-18c8804efaad/go.mod h1:s6CTMHx/NV6uFgGR6LhBb6Ex71S3Z5KH2baxm4KLzn8=
github.com/colinrgodsey/serial v0.0.0-20200722230255-f7ada0eda9cb h1:Q3RKOGgggXr41FCAxWrx3ffKZziWthp47Log5CZK5Hk=
github.com/colinrgodsey/serial v0.0.0-20200722230255-f7ada0eda9cb/go.mod h1:s6CTMHx/NV6uFgGR6LhBb6Ex71S3Z5KH2baxm4KLzn8=
github.com/gerow/go-color v0.0.0-20140219113758-125d37f527f1 h1:DSA78HTfGC442ChonW9NdWuH5rsfJjTwsYwfIZhYjFo=
github.com/gerow/go-color v0.0.0-20140219113758-125d37f527f1/go.mod h1:uN90NshmoiEU0ECs3cPdEg3wshS8kG9Zez9RmYPuL5A=
github.com/hjson/hjson-go v3.0.1+incompatible h1:JwOXblcMiBbiWue7iPkoFK9oXSnW8n+qXh/0Fio6TCo=
github.com/hjson/hjson-go v3.0.1+incompatible/go.mod h1:qsetwF8NlsTsOTwZTApNlTCerV+b2GjYRRcIk4JMFio=
github.com/pkg/profile v1.5.0 h1:042Buzk+NhDI+DeSAA62RwJL8VAuZUMQZUjCsRz1Mug=
github.com/pkg/profile v1.5.0/go.mod h1:qBsxPvzyUincmltOk6iyRVxHYg4adc0OFOv72ZdLa18=
golang.org/x/sys v0.0.0-20200625212154-ddb9806d33ae h1:Ih9Yo4hSPImZOpfGuA4bR/ORKTAbhZo2AbWNRCnevdo=
golang.org/x/sys v0.0.0-20200625212154-ddb9806d33ae/go.mod h1:h1NjWce9XRLGQEsW7wpKNCjG9DtNlClVuFLEZdDNbEs=
golang.org/x/sys v0.0.0-20200722175500-76b94024e4b6 h1:X9xIZ1YU8bLZA3l6gqDUHSFiD0GFI9S548h6C8nDtOY=
golang.org/x/sys v0.0.0-20200722175500-76b94024e4b6/go.mod h1:h1NjWce9XRLGQEsW7wpKNCjG9DtNlClVuFLEZdDNbEs=
golang.org/x/sys v0.0.0-20200817155316-9781c653f443 h1:X18bCaipMcoJGm27Nv7zr4XYPKGUy92GtqboKC2Hxaw=
golang.org/x/sys v0.0.0-20200817155316-9781c653f443/go.mod h1:h1NjWce9XRLGQEsW7wpKNCjG9DtNlClVuFLEZdDNbEs=
golang.org/x/sys v0.0.0-20200819141100-7c7a22168250 h1:d8jZLki63gfyhCX+AWmFwG0qt3CQs3KSzxbmtqupDHQ=
golang.org/x/sys v0.0.0-20200819141100-7c7a22168250/go.mod h1:h1NjWce9XRLGQEsW7wpKNCjG9DtNlClVuFLEZdDNbEs=
golang.org/x/sys v0.0.0-20200819171115-d785dc25833f h1:KJuwZVtZBVzDmEDtB2zro9CXkD9O0dpCv4o2LHbQIAw=
golang.org/x/sys v0.0.0-20200819171115-d785dc25833f/go.mod h1:h1NjWce9XRLGQEsW7wpKNCjG9DtNlClVuFLEZdDNbEs=
